// !$*UTF8*$!
{
	archiveVersion = 1;
	classes = {
	};
	objectVersion = 46;
	objects = {

/* Begin PBXBuildFile section */
		9F58F1481EBC165500381904 /* YJPieChart.m in Sources */ = {isa = PBXBuildFile; fileRef = 9F58F1471EBC165500381904 /* YJPieChart.m */; };
		9F58F14E1EBC5C2200381904 /* AppDelegate.m in Sources */ = {isa = PBXBuildFile; fileRef = 9F58F14B1EBC5C2200381904 /* AppDelegate.m */; };
		9F58F14F1EBC5C2200381904 /* ViewController.m in Sources */ = {isa = PBXBuildFile; fileRef = 9F58F14D1EBC5C2200381904 /* ViewController.m */; };
		9F6AC4B51EA5AE31006FBDD7 /* main.m in Sources */ = {isa = PBXBuildFile; fileRef = 9F6AC4B41EA5AE31006FBDD7 /* main.m */; };
		9F6AC4BE1EA5AE31006FBDD7 /* Main.storyboard in Resources */ = {isa = PBXBuildFile; fileRef = 9F6AC4BC1EA5AE31006FBDD7 /* Main.storyboard */; };
		9F6AC4C01EA5AE31006FBDD7 /* Assets.xcassets in Resources */ = {isa = PBXBuildFile; fileRef = 9F6AC4BF1EA5AE31006FBDD7 /* Assets.xcassets */; };
		9F6AC4C31EA5AE31006FBDD7 /* LaunchScreen.storyboard in Resources */ = {isa = PBXBuildFile; fileRef = 9F6AC4C11EA5AE31006FBDD7 /* LaunchScreen.storyboard */; };
		9F6AC4CD1EA5AE91006FBDD7 /* YJLineChart.m in Sources */ = {isa = PBXBuildFile; fileRef = 9F6AC4CC1EA5AE91006FBDD7 /* YJLineChart.m */; };
/* End PBXBuildFile section */

/* Begin PBXFileReference section */
		9F58F1461EBC165500381904 /* YJPieChart.h */ = {isa = PBXFileReference; fileEncoding = 4; lastKnownFileType = sourcecode.c.h; path = YJPieChart.h; sourceTree = "<group>"; };
		9F58F1471EBC165500381904 /* YJPieChart.m */ = {isa = PBXFileReference; fileEncoding = 4; lastKnownFileType = sourcecode.c.objc; path = YJPieChart.m; sourceTree = "<group>"; };
		9F58F14A1EBC5C2200381904 /* AppDelegate.h */ = {isa = PBXFileReference; fileEncoding = 4; lastKnownFileType = sourcecode.c.h; path = AppDelegate.h; sourceTree = "<group>"; };
		9F58F14B1EBC5C2200381904 /* AppDelegate.m */ = {isa = PBXFileReference; fileEncoding = 4; lastKnownFileType = sourcecode.c.objc; path = AppDelegate.m; sourceTree = "<group>"; };
		9F58F14C1EBC5C2200381904 /* ViewController.h */ = {isa = PBXFileReference; fileEncoding = 4; lastKnownFileType = sourcecode.c.h; path = ViewController.h; sourceTree = "<group>"; };
		9F58F14D1EBC5C2200381904 /* ViewController.m */ = {isa = PBXFileReference; fileEncoding = 4; lastKnownFileType = sourcecode.c.objc; path = ViewController.m; sourceTree = "<group>"; };
		9F6AC4B01EA5AE31006FBDD7 /* YJChart.app */ = {isa = PBXFileReference; explicitFileType = wrapper.application; includeInIndex = 0; path = YJChart.app; sourceTree = BUILT_PRODUCTS_DIR; };
		9F6AC4B41EA5AE31006FBDD7 /* main.m */ = {isa = PBXFileReference; lastKnownFileType = sourcecode.c.objc; path = main.m; sourceTree = "<group>"; };
		9F6AC4BD1EA5AE31006FBDD7 /* Base */ = {isa = PBXFileReference; lastKnownFileType = file.storyboard; name = Base; path = Base.lproj/Main.storyboard; sourceTree = "<group>"; };
		9F6AC4BF1EA5AE31006FBDD7 /* Assets.xcassets */ = {isa = PBXFileReference; lastKnownFileType = folder.assetcatalog; path = Assets.xcassets; sourceTree = "<group>"; };
		9F6AC4C21EA5AE31006FBDD7 /* Base */ = {isa = PBXFileReference; lastKnownFileType = file.storyboard; name = Base; path = Base.lproj/LaunchScreen.storyboard; sourceTree = "<group>"; };
		9F6AC4C41EA5AE31006FBDD7 /* Info.plist */ = {isa = PBXFileReference; lastKnownFileType = text.plist.xml; path = Info.plist; sourceTree = "<group>"; };
		9F6AC4CB1EA5AE91006FBDD7 /* YJLineChart.h */ = {isa = PBXFileReference; fileEncoding = 4; lastKnownFileType = sourcecode.c.h; path = YJLineChart.h; sourceTree = "<group>"; };
		9F6AC4CC1EA5AE91006FBDD7 /* YJLineChart.m */ = {isa = PBXFileReference; fileEncoding = 4; lastKnownFileType = sourcecode.c.objc; path = YJLineChart.m; sourceTree = "<group>"; };
/* End PBXFileReference section */

/* Begin PBXFrameworksBuildPhase section */
		9F6AC4AD1EA5AE31006FBDD7 /* Frameworks */ = {
			isa = PBXFrameworksBuildPhase;
			buildActionMask = 2147483647;
			files = (
			);
			runOnlyForDeploymentPostprocessing = 0;
		};
/* End PBXFrameworksBuildPhase section */

/* Begin PBXGroup section */
		9F58F1491EBC5C2200381904 /* Example */ = {
			isa = PBXGroup;
			children = (
				9F58F14A1EBC5C2200381904 /* AppDelegate.h */,
				9F58F14B1EBC5C2200381904 /* AppDelegate.m */,
				9F58F14C1EBC5C2200381904 /* ViewController.h */,
				9F58F14D1EBC5C2200381904 /* ViewController.m */,
			);
			path = Example;
			sourceTree = "<group>";
		};
		9F6AC4A71EA5AE31006FBDD7 = {
			isa = PBXGroup;
			children = (
				9F6AC4B21EA5AE31006FBDD7 /* YJChart */,
				9F6AC4B11EA5AE31006FBDD7 /* Products */,
			);
			sourceTree = "<group>";
		};
		9F6AC4B11EA5AE31006FBDD7 /* Products */ = {
			isa = PBXGroup;
			children = (
				9F6AC4B01EA5AE31006FBDD7 /* YJChart.app */,
			);
			name = Products;
			sourceTree = "<group>";
		};
		9F6AC4B21EA5AE31006FBDD7 /* YJChart */ = {
			isa = PBXGroup;
			children = (
				9F58F1491EBC5C2200381904 /* Example */,
				9F6AC4CA1EA5AE4B006FBDD7 /* YJChart */,
				9F6AC4B31EA5AE31006FBDD7 /* Supporting Files */,
			);
			path = YJChart;
			sourceTree = "<group>";
		};
		9F6AC4B31EA5AE31006FBDD7 /* Supporting Files */ = {
			isa = PBXGroup;
			children = (
				9F6AC4B41EA5AE31006FBDD7 /* main.m */,
				9F6AC4BC1EA5AE31006FBDD7 /* Main.storyboard */,
				9F6AC4BF1EA5AE31006FBDD7 /* Assets.xcassets */,
				9F6AC4C11EA5AE31006FBDD7 /* LaunchScreen.storyboard */,
				9F6AC4C41EA5AE31006FBDD7 /* Info.plist */,
			);
			name = "Supporting Files";
			sourceTree = "<group>";
		};
		9F6AC4CA1EA5AE4B006FBDD7 /* YJChart */ = {
			isa = PBXGroup;
			children = (
				9F6AC4CB1EA5AE91006FBDD7 /* YJLineChart.h */,
				9F6AC4CC1EA5AE91006FBDD7 /* YJLineChart.m */,
				9F58F1461EBC165500381904 /* YJPieChart.h */,
				9F58F1471EBC165500381904 /* YJPieChart.m */,
			);
			path = YJChart;
			sourceTree = "<group>";
		};
/* End PBXGroup section */

/* Begin PBXNativeTarget section */
		9F6AC4AF1EA5AE31006FBDD7 /* YJChart */ = {
			isa = PBXNativeTarget;
			buildConfigurationList = 9F6AC4C71EA5AE31006FBDD7 /* Build configuration list for PBXNativeTarget "YJChart" */;
			buildPhases = (
				9F6AC4AC1EA5AE31006FBDD7 /* Sources */,
				9F6AC4AD1EA5AE31006FBDD7 /* Frameworks */,
				9F6AC4AE1EA5AE31006FBDD7 /* Resources */,
			);
			buildRules = (
			);
			dependencies = (
			);
			name = YJChart;
			productName = YJChart;
			productReference = 9F6AC4B01EA5AE31006FBDD7 /* YJChart.app */;
			productType = "com.apple.product-type.application";
		};
/* End PBXNativeTarget section */

/* Begin PBXProject section */
		9F6AC4A81EA5AE31006FBDD7 /* Project object */ = {
			isa = PBXProject;
			attributes = {
				LastUpgradeCheck = 0830;
				ORGANIZATIONNAME = yuejieee;
				TargetAttributes = {
					9F6AC4AF1EA5AE31006FBDD7 = {
						CreatedOnToolsVersion = 8.3.1;
						ProvisioningStyle = Automatic;
					};
				};
			};
			buildConfigurationList = 9F6AC4AB1EA5AE31006FBDD7 /* Build configuration list for PBXProject "YJChart" */;
			compatibilityVersion = "Xcode 3.2";
			developmentRegion = English;
			hasScannedForEncodings = 0;
			knownRegions = (
				en,
				Base,
			);
			mainGroup = 9F6AC4A71EA5AE31006FBDD7;
			productRefGroup = 9F6AC4B11EA5AE31006FBDD7 /* Products */;
			projectDirPath = "";
			projectRoot = "";
			targets = (
				9F6AC4AF1EA5AE31006FBDD7 /* YJChart */,
			);
		};
/* End PBXProject section */

/* Begin PBXResourcesBuildPhase section */
		9F6AC4AE1EA5AE31006FBDD7 /* Resources */ = {
			isa = PBXResourcesBuildPhase;
			buildActionMask = 2147483647;
			files = (
				9F6AC4C31EA5AE31006FBDD7 /* LaunchScreen.storyboard in Resources */,
				9F6AC4C01EA5AE31006FBDD7 /* Assets.xcassets in Resources */,
				9F6AC4BE1EA5AE31006FBDD7 /* Main.storyboard in Resources */,
			);
			runOnlyForDeploymentPostprocessing = 0;
		};
/* End PBXResourcesBuildPhase section */

/* Begin PBXSourcesBuildPhase section */
		9F6AC4AC1EA5AE31006FBDD7 /* Sources */ = {
			isa = PBXSourcesBuildPhase;
			buildActionMask = 2147483647;
			files = (
				9F58F14E1EBC5C2200381904 /* AppDelegate.m in Sources */,
				9F58F1481EBC165500381904 /* YJPieChart.m in Sources */,
				9F6AC4CD1EA5AE91006FBDD7 /* YJLineChart.m in Sources */,
				9F6AC4B51EA5AE31006FBDD7 /* main.m in Sources */,
				9F58F14F1EBC5C2200381904 /* ViewController.m in Sources */,
			);
			runOnlyForDeploymentPostprocessing = 0;
		};
/* End PBXSourcesBuildPhase section */

/* Begin PBXVariantGroup section */
		9F6AC4BC1EA5AE31006FBDD7 /* Main.storyboard */ = {
			isa = PBXVariantGroup;
			children = (
				9F6AC4BD1EA5AE31006FBDD7 /* Base */,
			);
			name = Main.storyboard;
			sourceTree = "<group>";
		};
		9F6AC4C11EA5AE31006FBDD7 /* LaunchScreen.storyboard */ = {
			isa = PBXVariantGroup;
			children = (
				9F6AC4C21EA5AE31006FBDD7 /* Base */,
			);
			name = LaunchScreen.storyboard;
			sourceTree = "<group>";
		};
/* End PBXVariantGroup section */

/* Begin XCBuildConfiguration section */
		9F6AC4C51EA5AE31006FBDD7 /* Debug */ = {
			isa = XCBuildConfiguration;
			buildSettings = {
				ALWAYS_SEARCH_USER_PATHS = NO;
				CLANG_ANALYZER_NONNULL = YES;
				CLANG_ANALYZER_NUMBER_OBJECT_CONVERSION = YES_AGGRESSIVE;
				CLANG_CXX_LANGUAGE_STANDARD = "gnu++0x";
				CLANG_CXX_LIBRARY = "libc++";
				CLANG_ENABLE_MODULES = YES;
				CLANG_ENABLE_OBJC_ARC = YES;
				CLANG_WARN_BOOL_CONVERSION = YES;
				CLANG_WARN_CONSTANT_CONVERSION = YES;
				CLANG_WARN_DIRECT_OBJC_ISA_USAGE = YES_ERROR;
				CLANG_WARN_DOCUMENTATION_COMMENTS = YES;
				CLANG_WARN_EMPTY_BODY = YES;
				CLANG_WARN_ENUM_CONVERSION = YES;
				CLANG_WARN_INFINITE_RECURSION = YES;
				CLANG_WARN_INT_CONVERSION = YES;
				CLANG_WARN_OBJC_ROOT_CLASS = YES_ERROR;
				CLANG_WARN_SUSPICIOUS_MOVE = YES;
				CLANG_WARN_UNREACHABLE_CODE = YES;
				CLANG_WARN__DUPLICATE_METHOD_MATCH = YES;
				"CODE_SIGN_IDENTITY[sdk=iphoneos*]" = "iPhone Developer";
				COPY_PHASE_STRIP = NO;
				DEBUG_INFORMATION_FORMAT = dwarf;
				ENABLE_STRICT_OBJC_MSGSEND = YES;
				ENABLE_TESTABILITY = YES;
				GCC_C_LANGUAGE_STANDARD = gnu99;
				GCC_DYNAMIC_NO_PIC = NO;
				GCC_NO_COMMON_BLOCKS = YES;
				GCC_OPTIMIZATION_LEVEL = 0;
				GCC_PREPROCESSOR_DEFINITIONS = (
					"DEBUG=1",
					"$(inherited)",
				);
				GCC_WARN_64_TO_32_BIT_CONVERSION = YES;
				GCC_WARN_ABOUT_RETURN_TYPE = YES_ERROR;
				GCC_WARN_UNDECLARED_SELECTOR = YES;
				GCC_WARN_UNINITIALIZED_AUTOS = YES_AGGRESSIVE;
				GCC_WARN_UNUSED_FUNCTION = YES;
				GCC_WARN_UNUSED_VARIABLE = YES;
				IPHONEOS_DEPLOYMENT_TARGET = 10.3;
				MTL_ENABLE_DEBUG_INFO = YES;
				ONLY_ACTIVE_ARCH = YES;
				SDKROOT = iphoneos;
			};
			name = Debug;
		};
		9F6AC4C61EA5AE31006FBDD7 /* Release */ = {
			isa = XCBuildConfiguration;
			buildSettings = {
				ALWAYS_SEARCH_USER_PATHS = NO;
				CLANG_ANALYZER_NONNULL = YES;
				CLANG_ANALYZER_NUMBER_OBJECT_CONVERSION = YES_AGGRESSIVE;
				CLANG_CXX_LANGUAGE_STANDARD = "gnu++0x";
				CLANG_CXX_LIBRARY = "libc++";
				CLANG_ENABLE_MODULES = YES;
				CLANG_ENABLE_OBJC_ARC = YES;
				CLANG_WARN_BOOL_CONVERSION = YES;
				CLANG_WARN_CONSTANT_CONVERSION = YES;
				CLANG_WARN_DIRECT_OBJC_ISA_USAGE = YES_ERROR;
				CLANG_WARN_DOCUMENTATION_COMMENTS = YES;
				CLANG_WARN_EMPTY_BODY = YES;
				CLANG_WARN_ENUM_CONVERSION = YES;
				CLANG_WARN_INFINITE_RECURSION = YES;
				CLANG_WARN_INT_CONVERSION = YES;
				CLANG_WARN_OBJC_ROOT_CLASS = YES_ERROR;
				CLANG_WARN_SUSPICIOUS_MOVE = YES;
				CLANG_WARN_UNREACHABLE_CODE = YES;
				CLANG_WARN__DUPLICATE_METHOD_MATCH = YES;
				"CODE_SIGN_IDENTITY[sdk=iphoneos*]" = "iPhone Developer";
				COPY_PHASE_STRIP = NO;
				DEBUG_INFORMATION_FORMAT = "dwarf-with-dsym";
				ENABLE_NS_ASSERTIONS = NO;
				ENABLE_STRICT_OBJC_MSGSEND = YES;
				GCC_C_LANGUAGE_STANDARD = gnu99;
				GCC_NO_COMMON_BLOCKS = YES;
				GCC_WARN_64_TO_32_BIT_CONVERSION = YES;
				GCC_WARN_ABOUT_RETURN_TYPE = YES_ERROR;
				GCC_WARN_UNDECLARED_SELECTOR = YES;
				GCC_WARN_UNINITIALIZED_AUTOS = YES_AGGRESSIVE;
				GCC_WARN_UNUSED_FUNCTION = YES;
				GCC_WARN_UNUSED_VARIABLE = YES;
				IPHONEOS_DEPLOYMENT_TARGET = 10.3;
				MTL_ENABLE_DEBUG_INFO = NO;
				SDKROOT = iphoneos;
				VALIDATE_PRODUCT = YES;
			};
			name = Release;
		};
		9F6AC4C81EA5AE31006FBDD7 /* Debug */ = {
			isa = XCBuildConfiguration;
			buildSettings = {
				ASSETCATALOG_COMPILER_APPICON_NAME = AppIcon;
				INFOPLIST_FILE = YJChart/Info.plist;
				LD_RUNPATH_SEARCH_PATHS = "$(inherited) @executable_path/Frameworks";
				PRODUCT_BUNDLE_IDENTIFIER = com.yuejieee.YJChart;
				PRODUCT_NAME = "$(TARGET_NAME)";
			};
			name = Debug;
		};
		9F6AC4C91EA5AE31006FBDD7 /* Release */ = {
			isa = XCBuildConfiguration;
			buildSettings = {
				ASSETCATALOG_COMPILER_APPICON_NAME = AppIcon;
				INFOPLIST_FILE = YJChart/Info.plist;
				LD_RUNPATH_SEARCH_PATHS = "$(inherited) @executable_path/Frameworks";
				PRODUCT_BUNDLE_IDENTIFIER = com.yuejieee.YJChart;
				PRODUCT_NAME = "$(TARGET_NAME)";
			};
			name = Release;
		};
/* End XCBuildConfiguration section */

/* Begin XCConfigurationList section */
		9F6AC4AB1EA5AE31006FBDD7 /* Build configuration list for PBXProject "YJChart" */ = {
			isa = XCConfigurationList;
			buildConfigurations = (
				9F6AC4C51EA5AE31006FBDD7 /* Debug */,
				9F6AC4C61EA5AE31006FBDD7 /* Release */,
			);
			defaultConfigurationIsVisible = 0;
			defaultConfigurationName = Release;
		};
		9F6AC4C71EA5AE31006FBDD7 /* Build configuration list for PBXNativeTarget "YJChart" */ = {
			isa = XCConfigurationList;
			buildConfigurations = (
				9F6AC4C81EA5AE31006FBDD7 /* Debug */,
				9F6AC4C91EA5AE31006FBDD7 /* Release */,
			);
			defaultConfigurationIsVisible = 0;
			defaultConfigurationName = Release;
		};
/* End XCConfigurationList section */
	};
	rootObject = 9F6AC4A81EA5AE31006FBDD7 /* Project object */;
}
